
Microsoft Visual Studio Solution File, Format Version 12.00
# Visual Studio 2013
VisualStudioVersion = 12.0.21005.1
MinimumVisualStudioVersion = 10.0.40219.1
Project("{2150E333-8FDC-42A3-9474-1A3956D46DE8}") = "A_Common", "A_Common", "{2D1DDEE9-3E18-4726-9631-5DC425C3884E}"
EndProject
Project("{2150E333-8FDC-42A3-9474-1A3956D46DE8}") = "B_Data", "B_Data", "{E9A5F1F6-1F5E-4702-98EB-E9BF56A5447F}"
EndProject
Project("{FAE04EC0-301F-11D3-BF4B-00C04F79EFBC}") = "MySqlSugar", "Common\MySqlSugar\MySqlSugar.csproj", "{46A17E67-7E3E-4369-9B1F-43BA34BBDAEF}"
EndProject
Project("{2150E333-8FDC-42A3-9474-1A3956D46DE8}") = "SqlSugar", "SqlSugar", "{C4CB3B1E-D066-4E88-9424-077845D5C494}"
EndProject
Project("{FAE04EC0-301F-11D3-BF4B-00C04F79EFBC}") = "Common.DataEntity", "Common\Common.DataEntity\Common.DataEntity.csproj", "{BD34E03A-678D-4DEA-AC36-F3A71AC5EC7A}"
EndProject
Project("{FAE04EC0-301F-11D3-BF4B-00C04F79EFBC}") = "Data.Configs", "Data\Data.Configs\Data.Configs.csproj", "{029743AF-7D4F-4358-AEE5-A8F3D94995FB}"
EndProject
Project("{FAE04EC0-301F-11D3-BF4B-00C04F79EFBC}") = "Data.Core", "Data\Data.Core\Data.Core.csproj", "{D207CC69-AECC-47B7-8BCB-0F97BB54255E}"
EndProject
Project("{FAE04EC0-301F-11D3-BF4B-00C04F79EFBC}") = "Data.Entities", "Data\Data.Entities\Data.Entities.csproj", "{B2B70CE5-1669-4CFB-8305-7A986F6B890C}"
EndProject
Project("{FAE04EC0-301F-11D3-BF4B-00C04F79EFBC}") = "Data.Repositories", "Data\Data.Repositories\Data.Repositories.csproj", "{1526AAFB-D4E8-480D-9002-7845A6031214}"
EndProject
Project("{FAE04EC0-301F-11D3-BF4B-00C04F79EFBC}") = "Common.Repository.SqlSugar", "Common\Common.Repository\Common.Repository.SqlSugar.csproj", "{20F5D29C-BB62-461D-82C2-D9CCAB707DFD}"
EndProject
Project("{2150E333-8FDC-42A3-9474-1A3956D46DE8}") = "T_Test", "T_Test", "{DDF121E1-A3B8-4AD7-B057-729197859A2D}"
EndProject
Project("{FAE04EC0-301F-11D3-BF4B-00C04F79EFBC}") = "Test.Console.Data", "Test\Test.Console.Data\Test.Console.Data.csproj", "{45882D27-35AA-49E1-A05E-989510FC974D}"
EndProject
Project("{2150E333-8FDC-42A3-9474-1A3956D46DE8}") = "C_Services", "C_Services", "{A6178326-0F03-4DE6-A875-B35E8A87A94D}"
EndProject
Project("{FAE04EC0-301F-11D3-BF4B-00C04F79EFBC}") = "Services.Demo", "Services\Services.Demo\Services.Demo.csproj", "{8EC55D6C-2DD9-4F2E-B1D9-CEEB25BBE29E}"
EndProject
Project("{FAE04EC0-301F-11D3-BF4B-00C04F79EFBC}") = "IServices.Demo", "Services\IServices.Demo\IServices.Demo.csproj", "{7207AD13-3A0D-4B15-945B-00551EA0AEAF}"
EndProject
Project("{2150E333-8FDC-42A3-9474-1A3956D46DE8}") = "D_Web", "D_Web", "{9EEBDFE0-D99E-4E7D-A477-A3B70EF6BFB8}"
EndProject
Project("{FAE04EC0-301F-11D3-BF4B-00C04F79EFBC}") = "AdminCenter", "Web\AdminCenter\AdminCenter.csproj", "{B89D15F1-371E-48E5-9EF9-CC4206C43A5B}"
EndProject
Project("{2150E333-8FDC-42A3-9474-1A3956D46DE8}") = ".nuget", ".nuget", "{8E9E41B1-E7E7-4EA6-B799-7B9F6BDFEEE1}"
	ProjectSection(SolutionItems) = preProject
		.nuget\NuGet.Config = .nuget\NuGet.Config
		.nuget\NuGet.exe = .nuget\NuGet.exe
		.nuget\NuGet.targets = .nuget\NuGet.targets
	EndProjectSection
EndProject
Project("{FAE04EC0-301F-11D3-BF4B-00C04F79EFBC}") = "MyFramework.Common", "Common\MyFramework.Common\MyFramework.Common.csproj", "{A7DFE904-5189-49CE-A1CD-E00D93A3B980}"
EndProject
Project("{FAE04EC0-301F-11D3-BF4B-00C04F79EFBC}") = "Common.Web", "Common\Common.Web\Common.Web.csproj", "{EC69B134-5677-49DA-906B-828487932552}"
EndProject
Global
	GlobalSection(SolutionConfigurationPlatforms) = preSolution
		Debug|Any CPU = Debug|Any CPU
		Release|Any CPU = Release|Any CPU
	EndGlobalSection
	GlobalSection(ProjectConfigurationPlatforms) = postSolution
		{46A17E67-7E3E-4369-9B1F-43BA34BBDAEF}.Debug|Any CPU.ActiveCfg = Debug|Any CPU
		{46A17E67-7E3E-4369-9B1F-43BA34BBDAEF}.Debug|Any CPU.Build.0 = Debug|Any CPU
		{46A17E67-7E3E-4369-9B1F-43BA34BBDAEF}.Release|Any CPU.ActiveCfg = Release|Any CPU
		{46A17E67-7E3E-4369-9B1F-43BA34BBDAEF}.Release|Any CPU.Build.0 = Release|Any CPU
		{BD34E03A-678D-4DEA-AC36-F3A71AC5EC7A}.Debug|Any CPU.ActiveCfg = Debug|Any CPU
		{BD34E03A-678D-4DEA-AC36-F3A71AC5EC7A}.Debug|Any CPU.Build.0 = Debug|Any CPU
		{BD34E03A-678D-4DEA-AC36-F3A71AC5EC7A}.Release|Any CPU.ActiveCfg = Release|Any CPU
		{BD34E03A-678D-4DEA-AC36-F3A71AC5EC7A}.Release|Any CPU.Build.0 = Release|Any CPU
		{029743AF-7D4F-4358-AEE5-A8F3D94995FB}.Debug|Any CPU.ActiveCfg = Debug|Any CPU
		{029743AF-7D4F-4358-AEE5-A8F3D94995FB}.Debug|Any CPU.Build.0 = Debug|Any CPU
		{029743AF-7D4F-4358-AEE5-A8F3D94995FB}.Release|Any CPU.ActiveCfg = Release|Any CPU
		{029743AF-7D4F-4358-AEE5-A8F3D94995FB}.Release|Any CPU.Build.0 = Release|Any CPU
		{D207CC69-AECC-47B7-8BCB-0F97BB54255E}.Debug|Any CPU.ActiveCfg = Debug|Any CPU
		{D207CC69-AECC-47B7-8BCB-0F97BB54255E}.Debug|Any CPU.Build.0 = Debug|Any CPU
		{D207CC69-AECC-47B7-8BCB-0F97BB54255E}.Release|Any CPU.ActiveCfg = Release|Any CPU
		{D207CC69-AECC-47B7-8BCB-0F97BB54255E}.Release|Any CPU.Build.0 = Release|Any CPU
		{B2B70CE5-1669-4CFB-8305-7A986F6B890C}.Debug|Any CPU.ActiveCfg = Debug|Any CPU
		{B2B70CE5-1669-4CFB-8305-7A986F6B890C}.Debug|Any CPU.Build.0 = Debug|Any CPU
		{B2B70CE5-1669-4CFB-8305-7A986F6B890C}.Release|Any CPU.ActiveCfg = Release|Any CPU
		{B2B70CE5-1669-4CFB-8305-7A986F6B890C}.Release|Any CPU.Build.0 = Release|Any CPU
		{1526AAFB-D4E8-480D-9002-7845A6031214}.Debug|Any CPU.ActiveCfg = Debug|Any CPU
		{1526AAFB-D4E8-480D-9002-7845A6031214}.Debug|Any CPU.Build.0 = Debug|Any CPU
		{1526AAFB-D4E8-480D-9002-7845A6031214}.Release|Any CPU.ActiveCfg = Release|Any CPU
		{1526AAFB-D4E8-480D-9002-7845A6031214}.Release|Any CPU.Build.0 = Release|Any CPU
		{20F5D29C-BB62-461D-82C2-D9CCAB707DFD}.Debug|Any CPU.ActiveCfg = Debug|Any CPU
		{20F5D29C-BB62-461D-82C2-D9CCAB707DFD}.Debug|Any CPU.Build.0 = Debug|Any CPU
		{20F5D29C-BB62-461D-82C2-D9CCAB707DFD}.Release|Any CPU.ActiveCfg = Release|Any CPU
		{20F5D29C-BB62-461D-82C2-D9CCAB707DFD}.Release|Any CPU.Build.0 = Release|Any CPU
		{45882D27-35AA-49E1-A05E-989510FC974D}.Debug|Any CPU.ActiveCfg = Debug|Any CPU
		{45882D27-35AA-49E1-A05E-989510FC974D}.Debug|Any CPU.Build.0 = Debug|Any CPU
		{45882D27-35AA-49E1-A05E-989510FC974D}.Release|Any CPU.ActiveCfg = Release|Any CPU
		{45882D27-35AA-49E1-A05E-989510FC974D}.Release|Any CPU.Build.0 = Release|Any CPU
		{8EC55D6C-2DD9-4F2E-B1D9-CEEB25BBE29E}.Debug|Any CPU.ActiveCfg = Debug|Any CPU
		{8EC55D6C-2DD9-4F2E-B1D9-CEEB25BBE29E}.Debug|Any CPU.Build.0 = Debug|Any CPU
		{8EC55D6C-2DD9-4F2E-B1D9-CEEB25BBE29E}.Release|Any CPU.ActiveCfg = Release|Any CPU
		{8EC55D6C-2DD9-4F2E-B1D9-CEEB25BBE29E}.Release|Any CPU.Build.0 = Release|Any CPU
		{7207AD13-3A0D-4B15-945B-00551EA0AEAF}.Debug|Any CPU.ActiveCfg = Debug|Any CPU
		{7207AD13-3A0D-4B15-945B-00551EA0AEAF}.Debug|Any CPU.Build.0 = Debug|Any CPU
		{7207AD13-3A0D-4B15-945B-00551EA0AEAF}.Release|Any CPU.ActiveCfg = Release|Any CPU
		{7207AD13-3A0D-4B15-945B-00551EA0AEAF}.Release|Any CPU.Build.0 = Release|Any CPU
		{B89D15F1-371E-48E5-9EF9-CC4206C43A5B}.Debug|Any CPU.ActiveCfg = Debug|Any CPU
		{B89D15F1-371E-48E5-9EF9-CC4206C43A5B}.Debug|Any CPU.Build.0 = Debug|Any CPU
		{B89D15F1-371E-48E5-9EF9-CC4206C43A5B}.Release|Any CPU.ActiveCfg = Release|Any CPU
		{B89D15F1-371E-48E5-9EF9-CC4206C43A5B}.Release|Any CPU.Build.0 = Release|Any CPU
		{A7DFE904-5189-49CE-A1CD-E00D93A3B980}.Debug|Any CPU.ActiveCfg = Debug|Any CPU
		{A7DFE904-5189-49CE-A1CD-E00D93A3B980}.Debug|Any CPU.Build.0 = Debug|Any CPU
		{A7DFE904-5189-49CE-A1CD-E00D93A3B980}.Release|Any CPU.ActiveCfg = Release|Any CPU
		{A7DFE904-5189-49CE-A1CD-E00D93A3B980}.Release|Any CPU.Build.0 = Release|Any CPU
		{EC69B134-5677-49DA-906B-828487932552}.Debug|Any CPU.ActiveCfg = Debug|Any CPU
		{EC69B134-5677-49DA-906B-828487932552}.Debug|Any CPU.Build.0 = Debug|Any CPU
		{EC69B134-5677-49DA-906B-828487932552}.Release|Any CPU.ActiveCfg = Release|Any CPU
		{EC69B134-5677-49DA-906B-828487932552}.Release|Any CPU.Build.0 = Release|Any CPU
	EndGlobalSection
	GlobalSection(SolutionProperties) = preSolution
		HideSolutionNode = FALSE
	EndGlobalSection
	GlobalSection(NestedProjects) = preSolution
		{C4CB3B1E-D066-4E88-9424-077845D5C494} = {2D1DDEE9-3E18-4726-9631-5DC425C3884E}
		{BD34E03A-678D-4DEA-AC36-F3A71AC5EC7A} = {2D1DDEE9-3E18-4726-9631-5DC425C3884E}
		{20F5D29C-BB62-461D-82C2-D9CCAB707DFD} = {2D1DDEE9-3E18-4726-9631-5DC425C3884E}
		{A7DFE904-5189-49CE-A1CD-E00D93A3B980} = {2D1DDEE9-3E18-4726-9631-5DC425C3884E}
		{EC69B134-5677-49DA-906B-828487932552} = {2D1DDEE9-3E18-4726-9631-5DC425C3884E}
		{029743AF-7D4F-4358-AEE5-A8F3D94995FB} = {E9A5F1F6-1F5E-4702-98EB-E9BF56A5447F}
		{D207CC69-AECC-47B7-8BCB-0F97BB54255E} = {E9A5F1F6-1F5E-4702-98EB-E9BF56A5447F}
		{B2B70CE5-1669-4CFB-8305-7A986F6B890C} = {E9A5F1F6-1F5E-4702-98EB-E9BF56A5447F}
		{1526AAFB-D4E8-480D-9002-7845A6031214} = {E9A5F1F6-1F5E-4702-98EB-E9BF56A5447F}
		{46A17E67-7E3E-4369-9B1F-43BA34BBDAEF} = {C4CB3B1E-D066-4E88-9424-077845D5C494}
		{45882D27-35AA-49E1-A05E-989510FC974D} = {DDF121E1-A3B8-4AD7-B057-729197859A2D}
		{8EC55D6C-2DD9-4F2E-B1D9-CEEB25BBE29E} = {A6178326-0F03-4DE6-A875-B35E8A87A94D}
		{7207AD13-3A0D-4B15-945B-00551EA0AEAF} = {A6178326-0F03-4DE6-A875-B35E8A87A94D}
		{B89D15F1-371E-48E5-9EF9-CC4206C43A5B} = {9EEBDFE0-D99E-4E7D-A477-A3B70EF6BFB8}
	EndGlobalSection
EndGlobal
